// !$*UTF8*$!
{
	archiveVersion = 1;
	classes = {
	};
	objectVersion = 56;
	objects = {

/* Begin PBXBuildFile section */
		BF502F422B56D77B003E092A /* GameScene.swift in Sources */ = {isa = PBXBuildFile; fileRef = BF502F412B56D77B003E092A /* GameScene.swift */; };
		BF502F442B56D8A0003E092A /* ContentView.swift in Sources */ = {isa = PBXBuildFile; fileRef = BF502F432B56D8A0003E092A /* ContentView.swift */; };
		BF502F4C2B56F027003E092A /* ScoreBoardView.swift in Sources */ = {isa = PBXBuildFile; fileRef = BF502F4B2B56F027003E092A /* ScoreBoardView.swift */; };
		BF502F502B56F06E003E092A /* PhaseController.swift in Sources */ = {isa = PBXBuildFile; fileRef = BF502F4F2B56F06E003E092A /* PhaseController.swift */; };
		BF81CB0B2B57005800F08D94 /* Block.swift in Sources */ = {isa = PBXBuildFile; fileRef = BF81CB0A2B57005800F08D94 /* Block.swift */; };
		BF9850732B3386B3004E26FE /* FallingMathApp.swift in Sources */ = {isa = PBXBuildFile; fileRef = BF9850722B3386B3004E26FE /* FallingMathApp.swift */; };
		BF9850772B3386B4004E26FE /* Assets.xcassets in Resources */ = {isa = PBXBuildFile; fileRef = BF9850762B3386B4004E26FE /* Assets.xcassets */; };
		BF98507A2B3386B4004E26FE /* Preview Assets.xcassets in Resources */ = {isa = PBXBuildFile; fileRef = BF9850792B3386B4004E26FE /* Preview Assets.xcassets */; };
/* End PBXBuildFile section */

/* Begin PBXFileReference section */
		BF502F412B56D77B003E092A /* GameScene.swift */ = {isa = PBXFileReference; lastKnownFileType = sourcecode.swift; path = GameScene.swift; sourceTree = "<group>"; };
		BF502F432B56D8A0003E092A /* ContentView.swift */ = {isa = PBXFileReference; lastKnownFileType = sourcecode.swift; path = ContentView.swift; sourceTree = "<group>"; };
		BF502F4B2B56F027003E092A /* ScoreBoardView.swift */ = {isa = PBXFileReference; lastKnownFileType = sourcecode.swift; path = ScoreBoardView.swift; sourceTree = "<group>"; };
		BF502F4F2B56F06E003E092A /* PhaseController.swift */ = {isa = PBXFileReference; lastKnownFileType = sourcecode.swift; path = PhaseController.swift; sourceTree = "<group>"; };
		BF81CB0A2B57005800F08D94 /* Block.swift */ = {isa = PBXFileReference; lastKnownFileType = sourcecode.swift; path = Block.swift; sourceTree = "<group>"; };
		BF98506F2B3386B3004E26FE /* FallingMath.app */ = {isa = PBXFileReference; explicitFileType = wrapper.application; includeInIndex = 0; path = FallingMath.app; sourceTree = BUILT_PRODUCTS_DIR; };
		BF9850722B3386B3004E26FE /* FallingMathApp.swift */ = {isa = PBXFileReference; lastKnownFileType = sourcecode.swift; path = FallingMathApp.swift; sourceTree = "<group>"; };
		BF9850762B3386B4004E26FE /* Assets.xcassets */ = {isa = PBXFileReference; lastKnownFileType = folder.assetcatalog; path = Assets.xcassets; sourceTree = "<group>"; };
		BF9850792B3386B4004E26FE /* Preview Assets.xcassets */ = {isa = PBXFileReference; lastKnownFileType = folder.assetcatalog; path = "Preview Assets.xcassets"; sourceTree = "<group>"; };
/* End PBXFileReference section */

/* Begin PBXFrameworksBuildPhase section */
		BF98506C2B3386B3004E26FE /* Frameworks */ = {
			isa = PBXFrameworksBuildPhase;
			buildActionMask = 2147483647;
			files = (
			);
			runOnlyForDeploymentPostprocessing = 0;
		};
/* End PBXFrameworksBuildPhase section */

/* Begin PBXGroup section */
		BF3850572B33DC5B00860DA5 /* Views */ = {
			isa = PBXGroup;
			children = (
				BF502F4A2B56EFC3003E092A /* SwitfUI */,
				BF502F492B56EFBB003E092A /* SpriteKit */,
			);
			path = Views;
			sourceTree = "<group>";
		};
		BF502F492B56EFBB003E092A /* SpriteKit */ = {
			isa = PBXGroup;
			children = (
				BF502F412B56D77B003E092A /* GameScene.swift */,
			);
			path = SpriteKit;
			sourceTree = "<group>";
		};
		BF502F4A2B56EFC3003E092A /* SwitfUI */ = {
			isa = PBXGroup;
			children = (
				BF502F4D2B56F02A003E092A /* ScoreBoard */,
			);
			path = SwitfUI;
			sourceTree = "<group>";
		};
		BF502F4D2B56F02A003E092A /* ScoreBoard */ = {
			isa = PBXGroup;
			children = (
				BF502F4B2B56F027003E092A /* ScoreBoardView.swift */,
			);
			path = ScoreBoard;
			sourceTree = "<group>";
		};
		BF502F4E2B56F05D003E092A /* Controllers */ = {
			isa = PBXGroup;
			children = (
				BF502F4F2B56F06E003E092A /* PhaseController.swift */,
			);
			path = Controllers;
			sourceTree = "<group>";
		};
		BF81CB092B57000300F08D94 /* Models */ = {
			isa = PBXGroup;
			children = (
				BF81CB0A2B57005800F08D94 /* Block.swift */,
			);
			path = Models;
			sourceTree = "<group>";
		};
		BF9850662B3386B3004E26FE = {
			isa = PBXGroup;
			children = (
				BF9850712B3386B3004E26FE /* FallingMath */,
				BF9850702B3386B3004E26FE /* Products */,
			);
			sourceTree = "<group>";
		};
		BF9850702B3386B3004E26FE /* Products */ = {
			isa = PBXGroup;
			children = (
				BF98506F2B3386B3004E26FE /* FallingMath.app */,
			);
			name = Products;
			sourceTree = "<group>";
		};
		BF9850712B3386B3004E26FE /* FallingMath */ = {
			isa = PBXGroup;
			children = (
				BF81CB092B57000300F08D94 /* Models */,
				BF502F4E2B56F05D003E092A /* Controllers */,
				BF3850572B33DC5B00860DA5 /* Views */,
				BF9850722B3386B3004E26FE /* FallingMathApp.swift */,
				BF502F432B56D8A0003E092A /* ContentView.swift */,
				BF9850762B3386B4004E26FE /* Assets.xcassets */,
				BF9850782B3386B4004E26FE /* Preview Content */,
			);
			path = FallingMath;
			sourceTree = "<group>";
		};
		BF9850782B3386B4004E26FE /* Preview Content */ = {
			isa = PBXGroup;
			children = (
				BF9850792B3386B4004E26FE /* Preview Assets.xcassets */,
			);
			path = "Preview Content";
			sourceTree = "<group>";
		};
/* End PBXGroup section */

/* Begin PBXNativeTarget section */
		BF98506E2B3386B3004E26FE /* FallingMath */ = {
			isa = PBXNativeTarget;
			buildConfigurationList = BF98507D2B3386B4004E26FE /* Build configuration list for PBXNativeTarget "FallingMath" */;
			buildPhases = (
				BF98506B2B3386B3004E26FE /* Sources */,
				BF98506C2B3386B3004E26FE /* Frameworks */,
				BF98506D2B3386B3004E26FE /* Resources */,
			);
			buildRules = (
			);
			dependencies = (
			);
			name = FallingMath;
			productName = FallingMath;
			productReference = BF98506F2B3386B3004E26FE /* FallingMath.app */;
			productType = "com.apple.product-type.application";
		};
/* End PBXNativeTarget section */

/* Begin PBXProject section */
		BF9850672B3386B3004E26FE /* Project object */ = {
			isa = PBXProject;
			attributes = {
				BuildIndependentTargetsInParallel = 1;
				LastSwiftUpdateCheck = 1500;
				LastUpgradeCheck = 1500;
				TargetAttributes = {
					BF98506E2B3386B3004E26FE = {
						CreatedOnToolsVersion = 15.0.1;
					};
				};
			};
			buildConfigurationList = BF98506A2B3386B3004E26FE /* Build configuration list for PBXProject "FallingMath" */;
			compatibilityVersion = "Xcode 14.0";
			developmentRegion = en;
			hasScannedForEncodings = 0;
			knownRegions = (
				en,
				Base,
			);
			mainGroup = BF9850662B3386B3004E26FE;
			productRefGroup = BF9850702B3386B3004E26FE /* Products */;
			projectDirPath = "";
			projectRoot = "";
			targets = (
				BF98506E2B3386B3004E26FE /* FallingMath */,
			);
		};
/* End PBXProject section */

/* Begin PBXResourcesBuildPhase section */
		BF98506D2B3386B3004E26FE /* Resources */ = {
			isa = PBXResourcesBuildPhase;
			buildActionMask = 2147483647;
			files = (
				BF98507A2B3386B4004E26FE /* Preview Assets.xcassets in Resources */,
				BF9850772B3386B4004E26FE /* Assets.xcassets in Resources */,
			);
			runOnlyForDeploymentPostprocessing = 0;
		};
/* End PBXResourcesBuildPhase section */

/* Begin PBXSourcesBuildPhase section */
		BF98506B2B3386B3004E26FE /* Sources */ = {
			isa = PBXSourcesBuildPhase;
			buildActionMask = 2147483647;
			files = (
				BF502F442B56D8A0003E092A /* ContentView.swift in Sources */,
				BF9850732B3386B3004E26FE /* FallingMathApp.swift in Sources */,
				BF502F502B56F06E003E092A /* PhaseController.swift in Sources */,
				BF81CB0B2B57005800F08D94 /* Block.swift in Sources */,
				BF502F4C2B56F027003E092A /* ScoreBoardView.swift in Sources */,
				BF502F422B56D77B003E092A /* GameScene.swift in Sources */,
			);
			runOnlyForDeploymentPostprocessing = 0;
		};
/* End PBXSourcesBuildPhase section */

/* Begin XCBuildConfiguration section */
		BF98507B2B3386B4004E26FE /* Debug */ = {
			isa = XCBuildConfiguration;
			buildSettings = {
				ALWAYS_SEARCH_USER_PATHS = NO;
				ASSETCATALOG_COMPILER_GENERATE_SWIFT_ASSET_SYMBOL_EXTENSIONS = YES;
				CLANG_ANALYZER_NONNULL = YES;
				CLANG_ANALYZER_NUMBER_OBJECT_CONVERSION = YES_AGGRESSIVE;
				CLANG_CXX_LANGUAGE_STANDARD = "gnu++20";
				CLANG_ENABLE_MODULES = YES;
				CLANG_ENABLE_OBJC_ARC = YES;
				CLANG_ENABLE_OBJC_WEAK = YES;
				CLANG_WARN_BLOCK_CAPTURE_AUTORELEASING = YES;
				CLANG_WARN_BOOL_CONVERSION = YES;
				CLANG_WARN_COMMA = YES;
				CLANG_WARN_CONSTANT_CONVERSION = YES;
				CLANG_WARN_DEPRECATED_OBJC_IMPLEMENTATIONS = YES;
				CLANG_WARN_DIRECT_OBJC_ISA_USAGE = YES_ERROR;
				CLANG_WARN_DOCUMENTATION_COMMENTS = YES;
				CLANG_WARN_EMPTY_BODY = YES;
				CLANG_WARN_ENUM_CONVERSION = YES;
				CLANG_WARN_INFINITE_RECURSION = YES;
				CLANG_WARN_INT_CONVERSION = YES;
				CLANG_WARN_NON_LITERAL_NULL_CONVERSION = YES;
				CLANG_WARN_OBJC_IMPLICIT_RETAIN_SELF = YES;
				CLANG_WARN_OBJC_LITERAL_CONVERSION = YES;
				CLANG_WARN_OBJC_ROOT_CLASS = YES_ERROR;
				CLANG_WARN_QUOTED_INCLUDE_IN_FRAMEWORK_HEADER = YES;
				CLANG_WARN_RANGE_LOOP_ANALYSIS = YES;
				CLANG_WARN_STRICT_PROTOTYPES = YES;
				CLANG_WARN_SUSPICIOUS_MOVE = YES;
				CLANG_WARN_UNGUARDED_AVAILABILITY = YES_AGGRESSIVE;
				CLANG_WARN_UNREACHABLE_CODE = YES;
				CLANG_WARN__DUPLICATE_METHOD_MATCH = YES;
				COPY_PHASE_STRIP = NO;
				DEBUG_INFORMATION_FORMAT = dwarf;
				ENABLE_STRICT_OBJC_MSGSEND = YES;
				ENABLE_TESTABILITY = YES;
				ENABLE_USER_SCRIPT_SANDBOXING = YES;
				GCC_C_LANGUAGE_STANDARD = gnu17;
				GCC_DYNAMIC_NO_PIC = NO;
				GCC_NO_COMMON_BLOCKS = YES;
				GCC_OPTIMIZATION_LEVEL = 0;
				GCC_PREPROCESSOR_DEFINITIONS = (
					"DEBUG=1",
					"$(inherited)",
				);
				GCC_WARN_64_TO_32_BIT_CONVERSION = YES;
				GCC_WARN_ABOUT_RETURN_TYPE = YES_ERROR;
				GCC_WARN_UNDECLARED_SELECTOR = YES;
				GCC_WARN_UNINITIALIZED_AUTOS = YES_AGGRESSIVE;
				GCC_WARN_UNUSED_FUNCTION = YES;
				GCC_WARN_UNUSED_VARIABLE = YES;
				IPHONEOS_DEPLOYMENT_TARGET = 17.0;
				LOCALIZATION_PREFERS_STRING_CATALOGS = YES;
				MTL_ENABLE_DEBUG_INFO = INCLUDE_SOURCE;
				MTL_FAST_MATH = YES;
				ONLY_ACTIVE_ARCH = YES;
				SDKROOT = iphoneos;
				SWIFT_ACTIVE_COMPILATION_CONDITIONS = "DEBUG $(inherited)";
				SWIFT_OPTIMIZATION_LEVEL = "-Onone";
			};
			name = Debug;
		};
		BF98507C2B3386B4004E26FE /* Release */ = {
			isa = XCBuildConfiguration;
			buildSettings = {
				ALWAYS_SEARCH_USER_PATHS = NO;
				ASSETCATALOG_COMPILER_GENERATE_SWIFT_ASSET_SYMBOL_EXTENSIONS = YES;
				CLANG_ANALYZER_NONNULL = YES;
				CLANG_ANALYZER_NUMBER_OBJECT_CONVERSION = YES_AGGRESSIVE;
				CLANG_CXX_LANGUAGE_STANDARD = "gnu++20";
				CLANG_ENABLE_MODULES = YES;
				CLANG_ENABLE_OBJC_ARC = YES;
				CLANG_ENABLE_OBJC_WEAK = YES;
				CLANG_WARN_BLOCK_CAPTURE_AUTORELEASING = YES;
				CLANG_WARN_BOOL_CONVERSION = YES;
				CLANG_WARN_COMMA = YES;
				CLANG_WARN_CONSTANT_CONVERSION = YES;
				CLANG_WARN_DEPRECATED_OBJC_IMPLEMENTATIONS = YES;
				CLANG_WARN_DIRECT_OBJC_ISA_USAGE = YES_ERROR;
				CLANG_WARN_DOCUMENTATION_COMMENTS = YES;
				CLANG_WARN_EMPTY_BODY = YES;
				CLANG_WARN_ENUM_CONVERSION = YES;
				CLANG_WARN_INFINITE_RECURSION = YES;
				CLANG_WARN_INT_CONVERSION = YES;
				CLANG_WARN_NON_LITERAL_NULL_CONVERSION = YES;
				CLANG_WARN_OBJC_IMPLICIT_RETAIN_SELF = YES;
				CLANG_WARN_OBJC_LITERAL_CONVERSION = YES;
				CLANG_WARN_OBJC_ROOT_CLASS = YES_ERROR;
				CLANG_WARN_QUOTED_INCLUDE_IN_FRAMEWORK_HEADER = YES;
				CLANG_WARN_RANGE_LOOP_ANALYSIS = YES;
				CLANG_WARN_STRICT_PROTOTYPES = YES;
				CLANG_WARN_SUSPICIOUS_MOVE = YES;
				CLANG_WARN_UNGUARDED_AVAILABILITY = YES_AGGRESSIVE;
				CLANG_WARN_UNREACHABLE_CODE = YES;
				CLANG_WARN__DUPLICATE_METHOD_MATCH = YES;
				COPY_PHASE_STRIP = NO;
				DEBUG_INFORMATION_FORMAT = "dwarf-with-dsym";
				ENABLE_NS_ASSERTIONS = NO;
				ENABLE_STRICT_OBJC_MSGSEND = YES;
				ENABLE_USER_SCRIPT_SANDBOXING = YES;
				GCC_C_LANGUAGE_STANDARD = gnu17;
				GCC_NO_COMMON_BLOCKS = YES;
				GCC_WARN_64_TO_32_BIT_CONVERSION = YES;
				GCC_WARN_ABOUT_RETURN_TYPE = YES_ERROR;
				GCC_WARN_UNDECLARED_SELECTOR = YES;
				GCC_WARN_UNINITIALIZED_AUTOS = YES_AGGRESSIVE;
				GCC_WARN_UNUSED_FUNCTION = YES;
				GCC_WARN_UNUSED_VARIABLE = YES;
				IPHONEOS_DEPLOYMENT_TARGET = 17.0;
				LOCALIZATION_PREFERS_STRING_CATALOGS = YES;
				MTL_ENABLE_DEBUG_INFO = NO;
				MTL_FAST_MATH = YES;
				SDKROOT = iphoneos;
				SWIFT_COMPILATION_MODE = wholemodule;
				VALIDATE_PRODUCT = YES;
			};
			name = Release;
		};
		BF98507E2B3386B4004E26FE /* Debug */ = {
			isa = XCBuildConfiguration;
			buildSettings = {
				ASSETCATALOG_COMPILER_APPICON_NAME = AppIcon;
				ASSETCATALOG_COMPILER_GLOBAL_ACCENT_COLOR_NAME = AccentColor;
				CODE_SIGN_STYLE = Automatic;
				CURRENT_PROJECT_VERSION = 1;
				DEVELOPMENT_ASSET_PATHS = "\"FallingMath/Preview Content\"";
				DEVELOPMENT_TEAM = AV2QX4598Q;
				ENABLE_PREVIEWS = YES;
				GENERATE_INFOPLIST_FILE = YES;
				INFOPLIST_KEY_UIApplicationSceneManifest_Generation = YES;
				INFOPLIST_KEY_UIApplicationSupportsIndirectInputEvents = YES;
				INFOPLIST_KEY_UILaunchScreen_Generation = YES;
				INFOPLIST_KEY_UISupportedInterfaceOrientations_iPad = "UIInterfaceOrientationPortrait UIInterfaceOrientationPortraitUpsideDown UIInterfaceOrientationLandscapeLeft UIInterfaceOrientationLandscapeRight";
				INFOPLIST_KEY_UISupportedInterfaceOrientations_iPhone = "UIInterfaceOrientationPortrait UIInterfaceOrientationLandscapeLeft UIInterfaceOrientationLandscapeRight";
				LD_RUNPATH_SEARCH_PATHS = (
					"$(inherited)",
					"@executable_path/Frameworks",
				);
				MARKETING_VERSION = 1.0;
				PRODUCT_BUNDLE_IDENTIFIER = pedropessuto.FallingMath;
				PRODUCT_NAME = "$(TARGET_NAME)";
				SWIFT_EMIT_LOC_STRINGS = YES;
				SWIFT_VERSION = 5.0;
				TARGETED_DEVICE_FAMILY = "1,2";
			};
			name = Debug;
		};
		BF98507F2B3386B4004E26FE /* Release */ = {
			isa = XCBuildConfiguration;
			buildSettings = {
				ASSETCATALOG_COMPILER_APPICON_NAME = AppIcon;
				ASSETCATALOG_COMPILER_GLOBAL_ACCENT_COLOR_NAME = AccentColor;
				CODE_SIGN_STYLE = Automatic;
				CURRENT_PROJECT_VERSION = 1;
				DEVELOPMENT_ASSET_PATHS = "\"FallingMath/Preview Content\"";
				DEVELOPMENT_TEAM = AV2QX4598Q;
				ENABLE_PREVIEWS = YES;
				GENERATE_INFOPLIST_FILE = YES;
				INFOPLIST_KEY_UIApplicationSceneManifest_Generation = YES;
				INFOPLIST_KEY_UIApplicationSupportsIndirectInputEvents = YES;
				INFOPLIST_KEY_UILaunchScreen_Generation = YES;
				INFOPLIST_KEY_UISupportedInterfaceOrientations_iPad = "UIInterfaceOrientationPortrait UIInterfaceOrientationPortraitUpsideDown UIInterfaceOrientationLandscapeLeft UIInterfaceOrientationLandscapeRight";
				INFOPLIST_KEY_UISupportedInterfaceOrientations_iPhone = "UIInterfaceOrientationPortrait UIInterfaceOrientationLandscapeLeft UIInterfaceOrientationLandscapeRight";
				LD_RUNPATH_SEARCH_PATHS = (
					"$(inherited)",
					"@executable_path/Frameworks",
				);
				MARKETING_VERSION = 1.0;
				PRODUCT_BUNDLE_IDENTIFIER = pedropessuto.FallingMath;
				PRODUCT_NAME = "$(TARGET_NAME)";
				SWIFT_EMIT_LOC_STRINGS = YES;
				SWIFT_VERSION = 5.0;
				TARGETED_DEVICE_FAMILY = "1,2";
			};
			name = Release;
		};
/* End XCBuildConfiguration section */

/* Begin XCConfigurationList section */
		BF98506A2B3386B3004E26FE /* Build configuration list for PBXProject "FallingMath" */ = {
			isa = XCConfigurationList;
			buildConfigurations = (
				BF98507B2B3386B4004E26FE /* Debug */,
				BF98507C2B3386B4004E26FE /* Release */,
			);
			defaultConfigurationIsVisible = 0;
			defaultConfigurationName = Release;
		};
		BF98507D2B3386B4004E26FE /* Build configuration list for PBXNativeTarget "FallingMath" */ = {
			isa = XCConfigurationList;
			buildConfigurations = (
				BF98507E2B3386B4004E26FE /* Debug */,
				BF98507F2B3386B4004E26FE /* Release */,
			);
			defaultConfigurationIsVisible = 0;
			defaultConfigurationName = Release;
		};
/* End XCConfigurationList section */
	};
	rootObject = BF9850672B3386B3004E26FE /* Project object */;
}
